// !$*UTF8*$!
{
	archiveVersion = 1;
	classes = {
	};
	objectVersion = 52;
	objects = {

/* Begin PBXBuildFile section */
		2920A7A823ED9D81005E74D8 /* AppDelegate.swift in Sources */ = {isa = PBXBuildFile; fileRef = 2920A7A723ED9D81005E74D8 /* AppDelegate.swift */; };
		2920A7AA23ED9D81005E74D8 /* SceneDelegate.swift in Sources */ = {isa = PBXBuildFile; fileRef = 2920A7A923ED9D81005E74D8 /* SceneDelegate.swift */; };
		2920A7AE23ED9D83005E74D8 /* Assets.xcassets in Resources */ = {isa = PBXBuildFile; fileRef = 2920A7AD23ED9D83005E74D8 /* Assets.xcassets */; };
		2920A7B123ED9D83005E74D8 /* Preview Assets.xcassets in Resources */ = {isa = PBXBuildFile; fileRef = 2920A7B023ED9D83005E74D8 /* Preview Assets.xcassets */; };
		2920A7B423ED9D83005E74D8 /* LaunchScreen.storyboard in Resources */ = {isa = PBXBuildFile; fileRef = 2920A7B223ED9D83005E74D8 /* LaunchScreen.storyboard */; };
		2920A7BB23EDA0E0005E74D8 /* WelcomeScreen.swift in Sources */ = {isa = PBXBuildFile; fileRef = 2920A7AB23ED9D81005E74D8 /* WelcomeScreen.swift */; };
		2920A7C123EDA64C005E74D8 /* Localizable.strings in Resources */ = {isa = PBXBuildFile; fileRef = 2920A7C323EDA64C005E74D8 /* Localizable.strings */; };
		293C684F23EDDA9C005CE93D /* Color+Extension.swift in Sources */ = {isa = PBXBuildFile; fileRef = 293C684E23EDDA9C005CE93D /* Color+Extension.swift */; };
		29D77BF623F1C53600B9B06F /* LoginButton.swift in Sources */ = {isa = PBXBuildFile; fileRef = 29D77BF523F1C53600B9B06F /* LoginButton.swift */; };
		29D77BF823F1C56C00B9B06F /* CustomPasswordField.swift in Sources */ = {isa = PBXBuildFile; fileRef = 29D77BF723F1C56C00B9B06F /* CustomPasswordField.swift */; };
		29D77BFA23F1C59500B9B06F /* CustomEmailField.swift in Sources */ = {isa = PBXBuildFile; fileRef = 29D77BF923F1C59500B9B06F /* CustomEmailField.swift */; };
		29E0874E23F1D812005936F6 /* Request in Frameworks */ = {isa = PBXBuildFile; productRef = 29E0874D23F1D812005936F6 /* Request */; };
/* End PBXBuildFile section */

/* Begin PBXFileReference section */
		2920A7A423ED9D81005E74D8 /* Simple Social Network.app */ = {isa = PBXFileReference; explicitFileType = wrapper.application; includeInIndex = 0; path = "Simple Social Network.app"; sourceTree = BUILT_PRODUCTS_DIR; };
		2920A7A723ED9D81005E74D8 /* AppDelegate.swift */ = {isa = PBXFileReference; lastKnownFileType = sourcecode.swift; path = AppDelegate.swift; sourceTree = "<group>"; };
		2920A7A923ED9D81005E74D8 /* SceneDelegate.swift */ = {isa = PBXFileReference; lastKnownFileType = sourcecode.swift; path = SceneDelegate.swift; sourceTree = "<group>"; };
		2920A7AB23ED9D81005E74D8 /* WelcomeScreen.swift */ = {isa = PBXFileReference; lastKnownFileType = sourcecode.swift; path = WelcomeScreen.swift; sourceTree = "<group>"; };
		2920A7AD23ED9D83005E74D8 /* Assets.xcassets */ = {isa = PBXFileReference; lastKnownFileType = folder.assetcatalog; path = Assets.xcassets; sourceTree = "<group>"; };
		2920A7B023ED9D83005E74D8 /* Preview Assets.xcassets */ = {isa = PBXFileReference; lastKnownFileType = folder.assetcatalog; path = "Preview Assets.xcassets"; sourceTree = "<group>"; };
		2920A7B323ED9D83005E74D8 /* Base */ = {isa = PBXFileReference; lastKnownFileType = file.storyboard; name = Base; path = Base.lproj/LaunchScreen.storyboard; sourceTree = "<group>"; };
		2920A7B523ED9D83005E74D8 /* Info.plist */ = {isa = PBXFileReference; lastKnownFileType = text.plist.xml; path = Info.plist; sourceTree = "<group>"; };
		2920A7C223EDA64C005E74D8 /* en */ = {isa = PBXFileReference; lastKnownFileType = text.plist.strings; name = en; path = en.lproj/Localizable.strings; sourceTree = "<group>"; };
		2920A7C623EDAA0C005E74D8 /* pt-BR */ = {isa = PBXFileReference; lastKnownFileType = text.plist.strings; name = "pt-BR"; path = "pt-BR.lproj/LaunchScreen.strings"; sourceTree = "<group>"; };
		2920A7C723EDAA0C005E74D8 /* pt-BR */ = {isa = PBXFileReference; lastKnownFileType = text.plist.strings; name = "pt-BR"; path = "pt-BR.lproj/Localizable.strings"; sourceTree = "<group>"; };
		293C684E23EDDA9C005CE93D /* Color+Extension.swift */ = {isa = PBXFileReference; lastKnownFileType = sourcecode.swift; path = "Color+Extension.swift"; sourceTree = "<group>"; };
		29D77BF523F1C53600B9B06F /* LoginButton.swift */ = {isa = PBXFileReference; lastKnownFileType = sourcecode.swift; path = LoginButton.swift; sourceTree = "<group>"; };
		29D77BF723F1C56C00B9B06F /* CustomPasswordField.swift */ = {isa = PBXFileReference; lastKnownFileType = sourcecode.swift; path = CustomPasswordField.swift; sourceTree = "<group>"; };
		29D77BF923F1C59500B9B06F /* CustomEmailField.swift */ = {isa = PBXFileReference; lastKnownFileType = sourcecode.swift; path = CustomEmailField.swift; sourceTree = "<group>"; };
/* End PBXFileReference section */

/* Begin PBXFrameworksBuildPhase section */
		2920A7A123ED9D81005E74D8 /* Frameworks */ = {
			isa = PBXFrameworksBuildPhase;
			buildActionMask = 2147483647;
			files = (
				29E0874E23F1D812005936F6 /* Request in Frameworks */,
			);
			runOnlyForDeploymentPostprocessing = 0;
		};
/* End PBXFrameworksBuildPhase section */

/* Begin PBXGroup section */
		2920A79B23ED9D81005E74D8 = {
			isa = PBXGroup;
			children = (
				2920A7A623ED9D81005E74D8 /* Simple Social Network */,
				2920A7A523ED9D81005E74D8 /* Products */,
			);
			sourceTree = "<group>";
		};
		2920A7A523ED9D81005E74D8 /* Products */ = {
			isa = PBXGroup;
			children = (
				2920A7A423ED9D81005E74D8 /* Simple Social Network.app */,
			);
			name = Products;
			sourceTree = "<group>";
		};
		2920A7A623ED9D81005E74D8 /* Simple Social Network */ = {
			isa = PBXGroup;
			children = (
				2920A7A723ED9D81005E74D8 /* AppDelegate.swift */,
				2920A7A923ED9D81005E74D8 /* SceneDelegate.swift */,
				2920A7AB23ED9D81005E74D8 /* WelcomeScreen.swift */,
				2920A7BE23EDA26E005E74D8 /* shared */,
				2920A7AD23ED9D83005E74D8 /* Assets.xcassets */,
				2920A7C323EDA64C005E74D8 /* Localizable.strings */,
				2920A7B223ED9D83005E74D8 /* LaunchScreen.storyboard */,
				2920A7B523ED9D83005E74D8 /* Info.plist */,
				2920A7AF23ED9D83005E74D8 /* Preview Content */,
			);
			path = "Simple Social Network";
			sourceTree = "<group>";
		};
		2920A7AF23ED9D83005E74D8 /* Preview Content */ = {
			isa = PBXGroup;
			children = (
				2920A7B023ED9D83005E74D8 /* Preview Assets.xcassets */,
			);
			path = "Preview Content";
			sourceTree = "<group>";
		};
		2920A7BE23EDA26E005E74D8 /* shared */ = {
			isa = PBXGroup;
			children = (
				29D77BFB23F1C5E600B9B06F /* extensions */,
				29D77BF423F1C50F00B9B06F /* views */,
			);
			path = shared;
			sourceTree = "<group>";
		};
		29D77BF423F1C50F00B9B06F /* views */ = {
			isa = PBXGroup;
			children = (
				29D77BF523F1C53600B9B06F /* LoginButton.swift */,
				29D77BF723F1C56C00B9B06F /* CustomPasswordField.swift */,
				29D77BF923F1C59500B9B06F /* CustomEmailField.swift */,
			);
			path = views;
			sourceTree = "<group>";
		};
		29D77BFB23F1C5E600B9B06F /* extensions */ = {
			isa = PBXGroup;
			children = (
				293C684E23EDDA9C005CE93D /* Color+Extension.swift */,
			);
			path = extensions;
			sourceTree = "<group>";
		};
/* End PBXGroup section */

/* Begin PBXNativeTarget section */
		2920A7A323ED9D81005E74D8 /* Simple Social Network */ = {
			isa = PBXNativeTarget;
			buildConfigurationList = 2920A7B823ED9D83005E74D8 /* Build configuration list for PBXNativeTarget "Simple Social Network" */;
			buildPhases = (
				2920A7A023ED9D81005E74D8 /* Sources */,
				2920A7A123ED9D81005E74D8 /* Frameworks */,
				2920A7A223ED9D81005E74D8 /* Resources */,
			);
			buildRules = (
			);
			dependencies = (
			);
			name = "Simple Social Network";
			packageProductDependencies = (
				29E0874D23F1D812005936F6 /* Request */,
			);
			productName = "Simple Social Network";
			productReference = 2920A7A423ED9D81005E74D8 /* Simple Social Network.app */;
			productType = "com.apple.product-type.application";
		};
/* End PBXNativeTarget section */

/* Begin PBXProject section */
		2920A79C23ED9D81005E74D8 /* Project object */ = {
			isa = PBXProject;
			attributes = {
				LastSwiftUpdateCheck = 1130;
				LastUpgradeCheck = 1130;
				ORGANIZATIONNAME = "Adriano Song";
				TargetAttributes = {
					2920A7A323ED9D81005E74D8 = {
						CreatedOnToolsVersion = 11.3;
					};
				};
			};
			buildConfigurationList = 2920A79F23ED9D81005E74D8 /* Build configuration list for PBXProject "Simple Social Network" */;
			compatibilityVersion = "Xcode 9.3";
			developmentRegion = en;
			hasScannedForEncodings = 0;
			knownRegions = (
				en,
				Base,
				"pt-BR",
			);
			mainGroup = 2920A79B23ED9D81005E74D8;
			packageReferences = (
				29E0874C23F1D812005936F6 /* XCRemoteSwiftPackageReference "swift-request" */,
			);
			productRefGroup = 2920A7A523ED9D81005E74D8 /* Products */;
			projectDirPath = "";
			projectRoot = "";
			targets = (
				2920A7A323ED9D81005E74D8 /* Simple Social Network */,
			);
		};
/* End PBXProject section */

/* Begin PBXResourcesBuildPhase section */
		2920A7A223ED9D81005E74D8 /* Resources */ = {
			isa = PBXResourcesBuildPhase;
			buildActionMask = 2147483647;
			files = (
				2920A7B423ED9D83005E74D8 /* LaunchScreen.storyboard in Resources */,
				2920A7C123EDA64C005E74D8 /* Localizable.strings in Resources */,
				2920A7B123ED9D83005E74D8 /* Preview Assets.xcassets in Resources */,
				2920A7AE23ED9D83005E74D8 /* Assets.xcassets in Resources */,
			);
			runOnlyForDeploymentPostprocessing = 0;
		};
/* End PBXResourcesBuildPhase section */

/* Begin PBXSourcesBuildPhase section */
		2920A7A023ED9D81005E74D8 /* Sources */ = {
			isa = PBXSourcesBuildPhase;
			buildActionMask = 2147483647;
			files = (
				29D77BF823F1C56C00B9B06F /* CustomPasswordField.swift in Sources */,
				29D77BFA23F1C59500B9B06F /* CustomEmailField.swift in Sources */,
				29D77BF623F1C53600B9B06F /* LoginButton.swift in Sources */,
				2920A7BB23EDA0E0005E74D8 /* WelcomeScreen.swift in Sources */,
				2920A7A823ED9D81005E74D8 /* AppDelegate.swift in Sources */,
				2920A7AA23ED9D81005E74D8 /* SceneDelegate.swift in Sources */,
				293C684F23EDDA9C005CE93D /* Color+Extension.swift in Sources */,
			);
			runOnlyForDeploymentPostprocessing = 0;
		};
/* End PBXSourcesBuildPhase section */

/* Begin PBXVariantGroup section */
		2920A7B223ED9D83005E74D8 /* LaunchScreen.storyboard */ = {
			isa = PBXVariantGroup;
			children = (
				2920A7B323ED9D83005E74D8 /* Base */,
				2920A7C623EDAA0C005E74D8 /* pt-BR */,
			);
			name = LaunchScreen.storyboard;
			sourceTree = "<group>";
		};
		2920A7C323EDA64C005E74D8 /* Localizable.strings */ = {
			isa = PBXVariantGroup;
			children = (
				2920A7C223EDA64C005E74D8 /* en */,
				2920A7C723EDAA0C005E74D8 /* pt-BR */,
			);
			name = Localizable.strings;
			sourceTree = "<group>";
		};
/* End PBXVariantGroup section */

/* Begin XCBuildConfiguration section */
		2920A7B623ED9D83005E74D8 /* Debug */ = {
			isa = XCBuildConfiguration;
			buildSettings = {
				ALWAYS_SEARCH_USER_PATHS = NO;
				CLANG_ANALYZER_LOCALIZABILITY_NONLOCALIZED = YES;
				CLANG_ANALYZER_NONNULL = YES;
				CLANG_ANALYZER_NUMBER_OBJECT_CONVERSION = YES_AGGRESSIVE;
				CLANG_CXX_LANGUAGE_STANDARD = "gnu++14";
				CLANG_CXX_LIBRARY = "libc++";
				CLANG_ENABLE_MODULES = YES;
				CLANG_ENABLE_OBJC_ARC = YES;
				CLANG_ENABLE_OBJC_WEAK = YES;
				CLANG_WARN_BLOCK_CAPTURE_AUTORELEASING = YES;
				CLANG_WARN_BOOL_CONVERSION = YES;
				CLANG_WARN_COMMA = YES;
				CLANG_WARN_CONSTANT_CONVERSION = YES;
				CLANG_WARN_DEPRECATED_OBJC_IMPLEMENTATIONS = YES;
				CLANG_WARN_DIRECT_OBJC_ISA_USAGE = YES_ERROR;
				CLANG_WARN_DOCUMENTATION_COMMENTS = YES;
				CLANG_WARN_EMPTY_BODY = YES;
				CLANG_WARN_ENUM_CONVERSION = YES;
				CLANG_WARN_INFINITE_RECURSION = YES;
				CLANG_WARN_INT_CONVERSION = YES;
				CLANG_WARN_NON_LITERAL_NULL_CONVERSION = YES;
				CLANG_WARN_OBJC_IMPLICIT_RETAIN_SELF = YES;
				CLANG_WARN_OBJC_LITERAL_CONVERSION = YES;
				CLANG_WARN_OBJC_ROOT_CLASS = YES_ERROR;
				CLANG_WARN_RANGE_LOOP_ANALYSIS = YES;
				CLANG_WARN_STRICT_PROTOTYPES = YES;
				CLANG_WARN_SUSPICIOUS_MOVE = YES;
				CLANG_WARN_UNGUARDED_AVAILABILITY = YES_AGGRESSIVE;
				CLANG_WARN_UNREACHABLE_CODE = YES;
				CLANG_WARN__DUPLICATE_METHOD_MATCH = YES;
				COPY_PHASE_STRIP = NO;
				DEBUG_INFORMATION_FORMAT = dwarf;
				ENABLE_STRICT_OBJC_MSGSEND = YES;
				ENABLE_TESTABILITY = YES;
				GCC_C_LANGUAGE_STANDARD = gnu11;
				GCC_DYNAMIC_NO_PIC = NO;
				GCC_NO_COMMON_BLOCKS = YES;
				GCC_OPTIMIZATION_LEVEL = 0;
				GCC_PREPROCESSOR_DEFINITIONS = (
					"DEBUG=1",
					"$(inherited)",
				);
				GCC_WARN_64_TO_32_BIT_CONVERSION = YES;
				GCC_WARN_ABOUT_RETURN_TYPE = YES_ERROR;
				GCC_WARN_UNDECLARED_SELECTOR = YES;
				GCC_WARN_UNINITIALIZED_AUTOS = YES_AGGRESSIVE;
				GCC_WARN_UNUSED_FUNCTION = YES;
				GCC_WARN_UNUSED_VARIABLE = YES;
				IPHONEOS_DEPLOYMENT_TARGET = 13.2;
				MTL_ENABLE_DEBUG_INFO = INCLUDE_SOURCE;
				MTL_FAST_MATH = YES;
				ONLY_ACTIVE_ARCH = YES;
				SDKROOT = iphoneos;
				SWIFT_ACTIVE_COMPILATION_CONDITIONS = DEBUG;
				SWIFT_OPTIMIZATION_LEVEL = "-Onone";
			};
			name = Debug;
		};
		2920A7B723ED9D83005E74D8 /* Release */ = {
			isa = XCBuildConfiguration;
			buildSettings = {
				ALWAYS_SEARCH_USER_PATHS = NO;
				CLANG_ANALYZER_LOCALIZABILITY_NONLOCALIZED = YES;
				CLANG_ANALYZER_NONNULL = YES;
				CLANG_ANALYZER_NUMBER_OBJECT_CONVERSION = YES_AGGRESSIVE;
				CLANG_CXX_LANGUAGE_STANDARD = "gnu++14";
				CLANG_CXX_LIBRARY = "libc++";
				CLANG_ENABLE_MODULES = YES;
				CLANG_ENABLE_OBJC_ARC = YES;
				CLANG_ENABLE_OBJC_WEAK = YES;
				CLANG_WARN_BLOCK_CAPTURE_AUTORELEASING = YES;
				CLANG_WARN_BOOL_CONVERSION = YES;
				CLANG_WARN_COMMA = YES;
				CLANG_WARN_CONSTANT_CONVERSION = YES;
				CLANG_WARN_DEPRECATED_OBJC_IMPLEMENTATIONS = YES;
				CLANG_WARN_DIRECT_OBJC_ISA_USAGE = YES_ERROR;
				CLANG_WARN_DOCUMENTATION_COMMENTS = YES;
				CLANG_WARN_EMPTY_BODY = YES;
				CLANG_WARN_ENUM_CONVERSION = YES;
				CLANG_WARN_INFINITE_RECURSION = YES;
				CLANG_WARN_INT_CONVERSION = YES;
				CLANG_WARN_NON_LITERAL_NULL_CONVERSION = YES;
				CLANG_WARN_OBJC_IMPLICIT_RETAIN_SELF = YES;
				CLANG_WARN_OBJC_LITERAL_CONVERSION = YES;
				CLANG_WARN_OBJC_ROOT_CLASS = YES_ERROR;
				CLANG_WARN_RANGE_LOOP_ANALYSIS = YES;
				CLANG_WARN_STRICT_PROTOTYPES = YES;
				CLANG_WARN_SUSPICIOUS_MOVE = YES;
				CLANG_WARN_UNGUARDED_AVAILABILITY = YES_AGGRESSIVE;
				CLANG_WARN_UNREACHABLE_CODE = YES;
				CLANG_WARN__DUPLICATE_METHOD_MATCH = YES;
				COPY_PHASE_STRIP = NO;
				DEBUG_INFORMATION_FORMAT = "dwarf-with-dsym";
				ENABLE_NS_ASSERTIONS = NO;
				ENABLE_STRICT_OBJC_MSGSEND = YES;
				GCC_C_LANGUAGE_STANDARD = gnu11;
				GCC_NO_COMMON_BLOCKS = YES;
				GCC_WARN_64_TO_32_BIT_CONVERSION = YES;
				GCC_WARN_ABOUT_RETURN_TYPE = YES_ERROR;
				GCC_WARN_UNDECLARED_SELECTOR = YES;
				GCC_WARN_UNINITIALIZED_AUTOS = YES_AGGRESSIVE;
				GCC_WARN_UNUSED_FUNCTION = YES;
				GCC_WARN_UNUSED_VARIABLE = YES;
				IPHONEOS_DEPLOYMENT_TARGET = 13.2;
				MTL_ENABLE_DEBUG_INFO = NO;
				MTL_FAST_MATH = YES;
				SDKROOT = iphoneos;
				SWIFT_COMPILATION_MODE = wholemodule;
				SWIFT_OPTIMIZATION_LEVEL = "-O";
				VALIDATE_PRODUCT = YES;
			};
			name = Release;
		};
		2920A7B923ED9D83005E74D8 /* Debug */ = {
			isa = XCBuildConfiguration;
			buildSettings = {
				ASSETCATALOG_COMPILER_APPICON_NAME = AppIcon;
				CODE_SIGN_STYLE = Automatic;
				DEVELOPMENT_ASSET_PATHS = "\"Simple Social Network/Preview Content\"";
				ENABLE_PREVIEWS = YES;
				INFOPLIST_FILE = "Simple Social Network/Info.plist";
				LD_RUNPATH_SEARCH_PATHS = (
					"$(inherited)",
					"@executable_path/Frameworks",
				);
				PRODUCT_BUNDLE_IDENTIFIER = "com.br.adriano.song.Simple-Social-Network";
				PRODUCT_NAME = "$(TARGET_NAME)";
				SWIFT_VERSION = 5.0;
				TARGETED_DEVICE_FAMILY = "1,2";
			};
			name = Debug;
		};
		2920A7BA23ED9D83005E74D8 /* Release */ = {
			isa = XCBuildConfiguration;
			buildSettings = {
				ASSETCATALOG_COMPILER_APPICON_NAME = AppIcon;
				CODE_SIGN_STYLE = Automatic;
				DEVELOPMENT_ASSET_PATHS = "\"Simple Social Network/Preview Content\"";
				ENABLE_PREVIEWS = YES;
				INFOPLIST_FILE = "Simple Social Network/Info.plist";
				LD_RUNPATH_SEARCH_PATHS = (
					"$(inherited)",
					"@executable_path/Frameworks",
				);
				PRODUCT_BUNDLE_IDENTIFIER = "com.br.adriano.song.Simple-Social-Network";
				PRODUCT_NAME = "$(TARGET_NAME)";
				SWIFT_VERSION = 5.0;
				TARGETED_DEVICE_FAMILY = "1,2";
			};
			name = Release;
		};
/* End XCBuildConfiguration section */

/* Begin XCConfigurationList section */
		2920A79F23ED9D81005E74D8 /* Build configuration list for PBXProject "Simple Social Network" */ = {
			isa = XCConfigurationList;
			buildConfigurations = (
				2920A7B623ED9D83005E74D8 /* Debug */,
				2920A7B723ED9D83005E74D8 /* Release */,
			);
			defaultConfigurationIsVisible = 0;
			defaultConfigurationName = Release;
		};
		2920A7B823ED9D83005E74D8 /* Build configuration list for PBXNativeTarget "Simple Social Network" */ = {
			isa = XCConfigurationList;
			buildConfigurations = (
				2920A7B923ED9D83005E74D8 /* Debug */,
				2920A7BA23ED9D83005E74D8 /* Release */,
			);
			defaultConfigurationIsVisible = 0;
			defaultConfigurationName = Release;
		};
/* End XCConfigurationList section */

/* Begin XCRemoteSwiftPackageReference section */
		29E0874C23F1D812005936F6 /* XCRemoteSwiftPackageReference "swift-request" */ = {
			isa = XCRemoteSwiftPackageReference;
			repositoryURL = "https://github.com/carson-katri/swift-request";
			requirement = {
				kind = upToNextMajorVersion;
				minimumVersion = 1.2.1;
			};
		};
/* End XCRemoteSwiftPackageReference section */

/* Begin XCSwiftPackageProductDependency section */
		29E0874D23F1D812005936F6 /* Request */ = {
			isa = XCSwiftPackageProductDependency;
			package = 29E0874C23F1D812005936F6 /* XCRemoteSwiftPackageReference "swift-request" */;
			productName = Request;
		};
/* End XCSwiftPackageProductDependency section */
	};
	rootObject = 2920A79C23ED9D81005E74D8 /* Project object */;
}
